{
  "name": "nuclius",
  "version": "0.0.1",
  "lockfileVersion": 1,
  "requires": true,
  "dependencies": {
    "@hapi/address": {
      "version": "2.0.0",
      "resolved": "https://registry.npmjs.org/@hapi/address/-/address-2.0.0.tgz",
      "integrity": "sha512-mV6T0IYqb0xL1UALPFplXYQmR0twnXG0M6jUswpquqT2sD12BOiCiLy3EvMp/Fy7s3DZElC4/aPjEjo2jeZpvw=="
    },
    "@hapi/bourne": {
      "version": "1.3.2",
      "resolved": "https://registry.npmjs.org/@hapi/bourne/-/bourne-1.3.2.tgz",
      "integrity": "sha512-1dVNHT76Uu5N3eJNTYcvxee+jzX4Z9lfciqRRHCU27ihbUcYi+iSc2iml5Ke1LXe1SyJCLA0+14Jh4tXJgOppA=="
    },
    "@hapi/hoek": {
      "version": "7.2.1",
      "resolved": "https://registry.npmjs.org/@hapi/hoek/-/hoek-7.2.1.tgz",
      "integrity": "sha512-X6YzLoU+VvZwUNe0VFJV/r4IiFHf61/6VItdnKjlay+YS/5qoczO3u/7wyTj2NtaOZHlFJBndNkfZ2Ag2XxCsg=="
    },
    "@hapi/joi": {
      "version": "16.0.0-rc2",
      "resolved": "https://registry.npmjs.org/@hapi/joi/-/joi-16.0.0-rc2.tgz",
      "integrity": "sha512-lrErR1oaXT/ugFLfoQkqEytJuLvXG0aRXV83qVfPjVbgyQBG0HnSG7tSIiB+OlkJYDHngE29cqNOq/hcski6hQ==",
      "requires": {
        "@hapi/address": "2.x.x",
        "@hapi/bourne": "1.x.x",
        "@hapi/hoek": "7.x.x",
        "@hapi/marker": "1.x.x",
        "@hapi/topo": "3.x.x"
      }
    },
    "@hapi/marker": {
      "version": "1.0.0",
      "resolved": "https://registry.npmjs.org/@hapi/marker/-/marker-1.0.0.tgz",
      "integrity": "sha512-JOfdekTXnJexfE8PyhZFyHvHjt81rBFSAbTIRAhF2vv/2Y1JzoKsGqxH/GpZJoF7aEfYok8JVcAHmSz1gkBieA=="
    },
    "@hapi/topo": {
      "version": "3.1.2",
      "resolved": "https://registry.npmjs.org/@hapi/topo/-/topo-3.1.2.tgz",
      "integrity": "sha512-r+aumOqJ5QbD6aLPJWqVjMAPsx5pZKz+F5yPqXZ/WWG9JTtHbQqlzrJoknJ0iJxLj9vlXtmpSdjlkszseeG8OA==",
      "requires": {
        "@hapi/hoek": "8.x.x"
      },
      "dependencies": {
        "@hapi/hoek": {
          "version": "8.1.0",
          "resolved": "https://registry.npmjs.org/@hapi/hoek/-/hoek-8.1.0.tgz",
          "integrity": "sha512-b1J4jxYnW+n6lC91V6Pqg9imP9BZq0HNCeM+3sbXg05rQsE9cGYrKFpZjyztVesGmNRE6R+QaEoWGATeIiUVjA=="
        }
      }
    },
    "commander": {
      "version": "2.20.0",
      "resolved": "https://registry.npmjs.org/commander/-/commander-2.20.0.tgz",
      "integrity": "sha512-7j2y+40w61zy6YC2iRNpUe/NwhNyoXrYpHMrSunaMG64nRnaf96zO/KMQR4OyN/UnE5KLyEBnKHd4aG3rskjpQ=="
    }
  }
}
